# This file is generated by running "yarn install" inside your project.
# Manual changes might be lost - proceed with caution!

__metadata:
  version: 8
  cacheKey: 10c0

"GestSIS_Doc@workspace:.":
  version: 0.0.0-use.local
  resolution: "GestSIS_Doc@workspace:."
  dependencies:
    retypeapp: "npm:^3.11.0"
  languageName: unknown
  linkType: soft

"retypeapp@npm:^3.11.0":
  version: 3.11.0
  resolution: "retypeapp@npm:3.11.0"
  bin:
    retype: retype.js
  checksum: 10c0/8bc5b5cc190ed468adfade049f55bd23dce43766358c2a8fac6e06b50e6006ea761bd8a64ad0eb2a3c6ee33a6bc60571f508ec422763ad47885714fd3e0d574b
  languageName: node
  linkType: hard
