# This file is generated by running "yarn install" inside your project.
# Manual changes might be lost - proceed with caution!

__metadata:
  version: 8
  cacheKey: 10c0

"GestSIS_Doc@workspace:.":
  version: 0.0.0-use.local
  resolution: "GestSIS_Doc@workspace:."
  dependencies:
    retypeapp: "npm:^3.6.0"
  languageName: unknown
  linkType: soft

"retypeapp@npm:^3.6.0":
  version: 3.6.0
  resolution: "retypeapp@npm:3.6.0"
  bin:
    retype: retype.js
  checksum: 10c0/d138d017a15411f3f80f8938857f515f2de2143797723e5775b1f567725f402d173eaad768ba9bf7b38f0f7b8bd015c83da2e36cd2e161f8edd7f9255076258c
  languageName: node
  linkType: hard
