# This file is generated by running "yarn install" inside your project.
# Manual changes might be lost - proceed with caution!

__metadata:
  version: 8
  cacheKey: 10c0

"GestSIS_Doc@workspace:.":
  version: 0.0.0-use.local
  resolution: "GestSIS_Doc@workspace:."
  dependencies:
    retypeapp: "npm:^3.7.0"
  languageName: unknown
  linkType: soft

"retypeapp@npm:^3.7.0":
  version: 3.7.0
  resolution: "retypeapp@npm:3.7.0"
  bin:
    retype: retype.js
  checksum: 10c0/ac3845043cff16b4f9be64fdbb14bac0c3f9efa999fdc1fe56e53d5412d74cb2dcb13ef7f1974103f1047d965cc3194d3615f5481f4319492dda6cfc11dd11f2
  languageName: node
  linkType: hard
